
Microsoft Visual Studio Solution File, Format Version 12.00
# Visual Studio Version 16
VisualStudioVersion = 16.0.31702.278
MinimumVisualStudioVersion = 10.0.40219.1
Project("{888888A0-9F3D-457C-B088-3A5042F75D52}") = "Steganography", "Steganography\Steganography.pyproj", "{7A0F4FB2-633A-4840-B9F4-234BF992B5E4}"
EndProject
Global
	GlobalSection(SolutionConfigurationPlatforms) = preSolution
		Debug|Any CPU = Debug|Any CPU
		Release|Any CPU = Release|Any CPU
	EndGlobalSection
	GlobalSection(ProjectConfigurationPlatforms) = postSolution
		{7A0F4FB2-633A-4840-B9F4-234BF992B5E4}.Debug|Any CPU.ActiveCfg = Debug|Any CPU
		{7A0F4FB2-633A-4840-B9F4-234BF992B5E4}.Release|Any CPU.ActiveCfg = Release|Any CPU
	EndGlobalSection
	GlobalSection(SolutionProperties) = preSolution
		HideSolutionNode = FALSE
	EndGlobalSection
	GlobalSection(ExtensibilityGlobals) = postSolution
		SolutionGuid = {116E5F45-A0F7-415D-8AC7-6CA542EE9D0F}
	EndGlobalSection
EndGlobal
